
Microsoft Visual Studio Solution File, Format Version 12.00
# Visual Studio 15
VisualStudioVersion = 15.0.27428.1
MinimumVisualStudioVersion = 10.0.40219.1
Project("{FAE04EC0-301F-11D3-BF4B-00C04F79EFBC}") = "TestWebApp", "TestWebApp\TestWebApp.csproj", "{205168E1-6B85-47D0-83C7-238B33383093}"
EndProject
Global
	GlobalSection(SolutionConfigurationPlatforms) = preSolution
		Debug|Any CPU = Debug|Any CPU
		Release|Any CPU = Release|Any CPU
	EndGlobalSection
	GlobalSection(ProjectConfigurationPlatforms) = postSolution
		{205168E1-6B85-47D0-83C7-238B33383093}.Debug|Any CPU.ActiveCfg = Debug|Any CPU
		{205168E1-6B85-47D0-83C7-238B33383093}.Debug|Any CPU.Build.0 = Debug|Any CPU
		{205168E1-6B85-47D0-83C7-238B33383093}.Release|Any CPU.ActiveCfg = Release|Any CPU
		{205168E1-6B85-47D0-83C7-238B33383093}.Release|Any CPU.Build.0 = Release|Any CPU
	EndGlobalSection
	GlobalSection(SolutionProperties) = preSolution
		HideSolutionNode = FALSE
	EndGlobalSection
	GlobalSection(ExtensibilityGlobals) = postSolution
		SolutionGuid = {8A05FAF8-0AD1-42C5-B991-6533725FB4BD}
	EndGlobalSection
EndGlobal
